
Microsoft Visual Studio Solution File, Format Version 12.00
# Visual Studio Version 17
VisualStudioVersion = 17.4.33205.214
MinimumVisualStudioVersion = 10.0.40219.1
Project("{FAE04EC0-301F-11D3-BF4B-00C04F79EFBC}") = "HomeTaskSolve.1", "HomeTaskSolve.1\HomeTaskSolve.1.csproj", "{044D39A7-DEC7-4742-A319-66AE10D2E7B0}"
EndProject
Global
	GlobalSection(SolutionConfigurationPlatforms) = preSolution
		Debug|Any CPU = Debug|Any CPU
		Release|Any CPU = Release|Any CPU
	EndGlobalSection
	GlobalSection(ProjectConfigurationPlatforms) = postSolution
		{044D39A7-DEC7-4742-A319-66AE10D2E7B0}.Debug|Any CPU.ActiveCfg = Debug|Any CPU
		{044D39A7-DEC7-4742-A319-66AE10D2E7B0}.Debug|Any CPU.Build.0 = Debug|Any CPU
		{044D39A7-DEC7-4742-A319-66AE10D2E7B0}.Release|Any CPU.ActiveCfg = Release|Any CPU
		{044D39A7-DEC7-4742-A319-66AE10D2E7B0}.Release|Any CPU.Build.0 = Release|Any CPU
	EndGlobalSection
	GlobalSection(SolutionProperties) = preSolution
		HideSolutionNode = FALSE
	EndGlobalSection
	GlobalSection(ExtensibilityGlobals) = postSolution
		SolutionGuid = {AC761A0E-ABF3-42B0-B050-3FF3F9BFEC72}
	EndGlobalSection
EndGlobal
